// !$*UTF8*$!
{
	archiveVersion = 1;
	classes = {
	};
	objectVersion = 46;
	objects = {

/* Begin PBXBuildFile section */
		BA8BBD7E1944E74C000DEF89 /* Foundation.framework in Frameworks */ = {isa = PBXBuildFile; fileRef = BA8BBD7D1944E74C000DEF89 /* Foundation.framework */; };
		BA8BBD801944E74C000DEF89 /* CoreGraphics.framework in Frameworks */ = {isa = PBXBuildFile; fileRef = BA8BBD7F1944E74C000DEF89 /* CoreGraphics.framework */; };
		BA8BBD821944E74C000DEF89 /* UIKit.framework in Frameworks */ = {isa = PBXBuildFile; fileRef = BA8BBD811944E74C000DEF89 /* UIKit.framework */; };
		BA8BBD881944E74C000DEF89 /* InfoPlist.strings in Resources */ = {isa = PBXBuildFile; fileRef = BA8BBD861944E74C000DEF89 /* InfoPlist.strings */; };
		BA8BBD8A1944E74C000DEF89 /* main.m in Sources */ = {isa = PBXBuildFile; fileRef = BA8BBD891944E74C000DEF89 /* main.m */; };
		BA8BBD8E1944E74C000DEF89 /* AttributorAppDelegate.m in Sources */ = {isa = PBXBuildFile; fileRef = BA8BBD8D1944E74C000DEF89 /* AttributorAppDelegate.m */; };
		BA8BBD911944E74C000DEF89 /* Main.storyboard in Resources */ = {isa = PBXBuildFile; fileRef = BA8BBD8F1944E74C000DEF89 /* Main.storyboard */; };
		BA8BBD941944E74C000DEF89 /* AttributorViewController.m in Sources */ = {isa = PBXBuildFile; fileRef = BA8BBD931944E74C000DEF89 /* AttributorViewController.m */; };
		BA8BBD961944E74C000DEF89 /* Images.xcassets in Resources */ = {isa = PBXBuildFile; fileRef = BA8BBD951944E74C000DEF89 /* Images.xcassets */; };
		BA8BBD9D1944E74C000DEF89 /* XCTest.framework in Frameworks */ = {isa = PBXBuildFile; fileRef = BA8BBD9C1944E74C000DEF89 /* XCTest.framework */; };
		BA8BBD9E1944E74C000DEF89 /* Foundation.framework in Frameworks */ = {isa = PBXBuildFile; fileRef = BA8BBD7D1944E74C000DEF89 /* Foundation.framework */; };
		BA8BBD9F1944E74C000DEF89 /* UIKit.framework in Frameworks */ = {isa = PBXBuildFile; fileRef = BA8BBD811944E74C000DEF89 /* UIKit.framework */; };
		BA8BBDA71944E74C000DEF89 /* InfoPlist.strings in Resources */ = {isa = PBXBuildFile; fileRef = BA8BBDA51944E74C000DEF89 /* InfoPlist.strings */; };
		BA8BBDA91944E74C000DEF89 /* AttributorTests.m in Sources */ = {isa = PBXBuildFile; fileRef = BA8BBDA81944E74C000DEF89 /* AttributorTests.m */; };
		BAB17CF719476BCA00DBB9A5 /* TextStatsViewController.m in Sources */ = {isa = PBXBuildFile; fileRef = BAB17CF619476BCA00DBB9A5 /* TextStatsViewController.m */; };
/* End PBXBuildFile section */

/* Begin PBXContainerItemProxy section */
		BA8BBDA01944E74C000DEF89 /* PBXContainerItemProxy */ = {
			isa = PBXContainerItemProxy;
			containerPortal = BA8BBD721944E74C000DEF89 /* Project object */;
			proxyType = 1;
			remoteGlobalIDString = BA8BBD791944E74C000DEF89;
			remoteInfo = Attributor;
		};
/* End PBXContainerItemProxy section */

/* Begin PBXFileReference section */
		BA8BBD7A1944E74C000DEF89 /* Attributor.app */ = {isa = PBXFileReference; explicitFileType = wrapper.application; includeInIndex = 0; path = Attributor.app; sourceTree = BUILT_PRODUCTS_DIR; };
		BA8BBD7D1944E74C000DEF89 /* Foundation.framework */ = {isa = PBXFileReference; lastKnownFileType = wrapper.framework; name = Foundation.framework; path = System/Library/Frameworks/Foundation.framework; sourceTree = SDKROOT; };
		BA8BBD7F1944E74C000DEF89 /* CoreGraphics.framework */ = {isa = PBXFileReference; lastKnownFileType = wrapper.framework; name = CoreGraphics.framework; path = System/Library/Frameworks/CoreGraphics.framework; sourceTree = SDKROOT; };
		BA8BBD811944E74C000DEF89 /* UIKit.framework */ = {isa = PBXFileReference; lastKnownFileType = wrapper.framework; name = UIKit.framework; path = System/Library/Frameworks/UIKit.framework; sourceTree = SDKROOT; };
		BA8BBD851944E74C000DEF89 /* Attributor-Info.plist */ = {isa = PBXFileReference; lastKnownFileType = text.plist.xml; path = "Attributor-Info.plist"; sourceTree = "<group>"; };
		BA8BBD871944E74C000DEF89 /* en */ = {isa = PBXFileReference; lastKnownFileType = text.plist.strings; name = en; path = en.lproj/InfoPlist.strings; sourceTree = "<group>"; };
		BA8BBD891944E74C000DEF89 /* main.m */ = {isa = PBXFileReference; lastKnownFileType = sourcecode.c.objc; path = main.m; sourceTree = "<group>"; };
		BA8BBD8B1944E74C000DEF89 /* Attributor-Prefix.pch */ = {isa = PBXFileReference; lastKnownFileType = sourcecode.c.h; path = "Attributor-Prefix.pch"; sourceTree = "<group>"; };
		BA8BBD8C1944E74C000DEF89 /* AttributorAppDelegate.h */ = {isa = PBXFileReference; lastKnownFileType = sourcecode.c.h; path = AttributorAppDelegate.h; sourceTree = "<group>"; };
		BA8BBD8D1944E74C000DEF89 /* AttributorAppDelegate.m */ = {isa = PBXFileReference; lastKnownFileType = sourcecode.c.objc; path = AttributorAppDelegate.m; sourceTree = "<group>"; };
		BA8BBD901944E74C000DEF89 /* Base */ = {isa = PBXFileReference; lastKnownFileType = file.storyboard; name = Base; path = Base.lproj/Main.storyboard; sourceTree = "<group>"; };
		BA8BBD921944E74C000DEF89 /* AttributorViewController.h */ = {isa = PBXFileReference; lastKnownFileType = sourcecode.c.h; path = AttributorViewController.h; sourceTree = "<group>"; };
		BA8BBD931944E74C000DEF89 /* AttributorViewController.m */ = {isa = PBXFileReference; lastKnownFileType = sourcecode.c.objc; path = AttributorViewController.m; sourceTree = "<group>"; };
		BA8BBD951944E74C000DEF89 /* Images.xcassets */ = {isa = PBXFileReference; lastKnownFileType = folder.assetcatalog; path = Images.xcassets; sourceTree = "<group>"; };
		BA8BBD9B1944E74C000DEF89 /* AttributorTests.xctest */ = {isa = PBXFileReference; explicitFileType = wrapper.cfbundle; includeInIndex = 0; path = AttributorTests.xctest; sourceTree = BUILT_PRODUCTS_DIR; };
		BA8BBD9C1944E74C000DEF89 /* XCTest.framework */ = {isa = PBXFileReference; lastKnownFileType = wrapper.framework; name = XCTest.framework; path = Library/Frameworks/XCTest.framework; sourceTree = DEVELOPER_DIR; };
		BA8BBDA41944E74C000DEF89 /* AttributorTests-Info.plist */ = {isa = PBXFileReference; lastKnownFileType = text.plist.xml; path = "AttributorTests-Info.plist"; sourceTree = "<group>"; };
		BA8BBDA61944E74C000DEF89 /* en */ = {isa = PBXFileReference; lastKnownFileType = text.plist.strings; name = en; path = en.lproj/InfoPlist.strings; sourceTree = "<group>"; };
		BA8BBDA81944E74C000DEF89 /* AttributorTests.m */ = {isa = PBXFileReference; lastKnownFileType = sourcecode.c.objc; path = AttributorTests.m; sourceTree = "<group>"; };
		BAB17CF519476BCA00DBB9A5 /* TextStatsViewController.h */ = {isa = PBXFileReference; fileEncoding = 4; lastKnownFileType = sourcecode.c.h; path = TextStatsViewController.h; sourceTree = "<group>"; };
		BAB17CF619476BCA00DBB9A5 /* TextStatsViewController.m */ = {isa = PBXFileReference; fileEncoding = 4; lastKnownFileType = sourcecode.c.objc; path = TextStatsViewController.m; sourceTree = "<group>"; };
/* End PBXFileReference section */

/* Begin PBXFrameworksBuildPhase section */
		BA8BBD771944E74C000DEF89 /* Frameworks */ = {
			isa = PBXFrameworksBuildPhase;
			buildActionMask = 2147483647;
			files = (
				BA8BBD801944E74C000DEF89 /* CoreGraphics.framework in Frameworks */,
				BA8BBD821944E74C000DEF89 /* UIKit.framework in Frameworks */,
				BA8BBD7E1944E74C000DEF89 /* Foundation.framework in Frameworks */,
			);
			runOnlyForDeploymentPostprocessing = 0;
		};
		BA8BBD981944E74C000DEF89 /* Frameworks */ = {
			isa = PBXFrameworksBuildPhase;
			buildActionMask = 2147483647;
			files = (
				BA8BBD9D1944E74C000DEF89 /* XCTest.framework in Frameworks */,
				BA8BBD9F1944E74C000DEF89 /* UIKit.framework in Frameworks */,
				BA8BBD9E1944E74C000DEF89 /* Foundation.framework in Frameworks */,
			);
			runOnlyForDeploymentPostprocessing = 0;
		};
/* End PBXFrameworksBuildPhase section */

/* Begin PBXGroup section */
		BA8BBD711944E74C000DEF89 = {
			isa = PBXGroup;
			children = (
				BA8BBD831944E74C000DEF89 /* Attributor */,
				BA8BBDA21944E74C000DEF89 /* AttributorTests */,
				BA8BBD7C1944E74C000DEF89 /* Frameworks */,
				BA8BBD7B1944E74C000DEF89 /* Products */,
			);
			sourceTree = "<group>";
		};
		BA8BBD7B1944E74C000DEF89 /* Products */ = {
			isa = PBXGroup;
			children = (
				BA8BBD7A1944E74C000DEF89 /* Attributor.app */,
				BA8BBD9B1944E74C000DEF89 /* AttributorTests.xctest */,
			);
			name = Products;
			sourceTree = "<group>";
		};
		BA8BBD7C1944E74C000DEF89 /* Frameworks */ = {
			isa = PBXGroup;
			children = (
				BA8BBD7D1944E74C000DEF89 /* Foundation.framework */,
				BA8BBD7F1944E74C000DEF89 /* CoreGraphics.framework */,
				BA8BBD811944E74C000DEF89 /* UIKit.framework */,
				BA8BBD9C1944E74C000DEF89 /* XCTest.framework */,
			);
			name = Frameworks;
			sourceTree = "<group>";
		};
		BA8BBD831944E74C000DEF89 /* Attributor */ = {
			isa = PBXGroup;
			children = (
				BA8BBD8F1944E74C000DEF89 /* Main.storyboard */,
				BAB17CF519476BCA00DBB9A5 /* TextStatsViewController.h */,
				BAB17CF619476BCA00DBB9A5 /* TextStatsViewController.m */,
				BA8BBD921944E74C000DEF89 /* AttributorViewController.h */,
				BA8BBD931944E74C000DEF89 /* AttributorViewController.m */,
				BA8BBD951944E74C000DEF89 /* Images.xcassets */,
				BA8BBD841944E74C000DEF89 /* Supporting Files */,
			);
			path = Attributor;
			sourceTree = "<group>";
		};
		BA8BBD841944E74C000DEF89 /* Supporting Files */ = {
			isa = PBXGroup;
			children = (
				BA8BBD8C1944E74C000DEF89 /* AttributorAppDelegate.h */,
				BA8BBD8D1944E74C000DEF89 /* AttributorAppDelegate.m */,
				BA8BBD851944E74C000DEF89 /* Attributor-Info.plist */,
				BA8BBD861944E74C000DEF89 /* InfoPlist.strings */,
				BA8BBD891944E74C000DEF89 /* main.m */,
				BA8BBD8B1944E74C000DEF89 /* Attributor-Prefix.pch */,
			);
			name = "Supporting Files";
			sourceTree = "<group>";
		};
		BA8BBDA21944E74C000DEF89 /* AttributorTests */ = {
			isa = PBXGroup;
			children = (
				BA8BBDA81944E74C000DEF89 /* AttributorTests.m */,
				BA8BBDA31944E74C000DEF89 /* Supporting Files */,
			);
			path = AttributorTests;
			sourceTree = "<group>";
		};
		BA8BBDA31944E74C000DEF89 /* Supporting Files */ = {
			isa = PBXGroup;
			children = (
				BA8BBDA41944E74C000DEF89 /* AttributorTests-Info.plist */,
				BA8BBDA51944E74C000DEF89 /* InfoPlist.strings */,
			);
			name = "Supporting Files";
			sourceTree = "<group>";
		};
/* End PBXGroup section */

/* Begin PBXNativeTarget section */
		BA8BBD791944E74C000DEF89 /* Attributor */ = {
			isa = PBXNativeTarget;
			buildConfigurationList = BA8BBDAC1944E74C000DEF89 /* Build configuration list for PBXNativeTarget "Attributor" */;
			buildPhases = (
				BA8BBD761944E74C000DEF89 /* Sources */,
				BA8BBD771944E74C000DEF89 /* Frameworks */,
				BA8BBD781944E74C000DEF89 /* Resources */,
			);
			buildRules = (
			);
			dependencies = (
			);
			name = Attributor;
			productName = Attributor;
			productReference = BA8BBD7A1944E74C000DEF89 /* Attributor.app */;
			productType = "com.apple.product-type.application";
		};
		BA8BBD9A1944E74C000DEF89 /* AttributorTests */ = {
			isa = PBXNativeTarget;
			buildConfigurationList = BA8BBDAF1944E74C000DEF89 /* Build configuration list for PBXNativeTarget "AttributorTests" */;
			buildPhases = (
				BA8BBD971944E74C000DEF89 /* Sources */,
				BA8BBD981944E74C000DEF89 /* Frameworks */,
				BA8BBD991944E74C000DEF89 /* Resources */,
			);
			buildRules = (
			);
			dependencies = (
				BA8BBDA11944E74C000DEF89 /* PBXTargetDependency */,
			);
			name = AttributorTests;
			productName = AttributorTests;
			productReference = BA8BBD9B1944E74C000DEF89 /* AttributorTests.xctest */;
			productType = "com.apple.product-type.bundle.unit-test";
		};
/* End PBXNativeTarget section */

/* Begin PBXProject section */
		BA8BBD721944E74C000DEF89 /* Project object */ = {
			isa = PBXProject;
			attributes = {
				CLASSPREFIX = Attributor;
				LastUpgradeCheck = 0510;
				ORGANIZATIONNAME = "Sahil Gandhi";
				TargetAttributes = {
					BA8BBD9A1944E74C000DEF89 = {
						TestTargetID = BA8BBD791944E74C000DEF89;
					};
				};
			};
			buildConfigurationList = BA8BBD751944E74C000DEF89 /* Build configuration list for PBXProject "Attributor" */;
			compatibilityVersion = "Xcode 3.2";
			developmentRegion = English;
			hasScannedForEncodings = 0;
			knownRegions = (
				en,
				Base,
			);
			mainGroup = BA8BBD711944E74C000DEF89;
			productRefGroup = BA8BBD7B1944E74C000DEF89 /* Products */;
			projectDirPath = "";
			projectRoot = "";
			targets = (
				BA8BBD791944E74C000DEF89 /* Attributor */,
				BA8BBD9A1944E74C000DEF89 /* AttributorTests */,
			);
		};
/* End PBXProject section */

/* Begin PBXResourcesBuildPhase section */
		BA8BBD781944E74C000DEF89 /* Resources */ = {
			isa = PBXResourcesBuildPhase;
			buildActionMask = 2147483647;
			files = (
				BA8BBD961944E74C000DEF89 /* Images.xcassets in Resources */,
				BA8BBD881944E74C000DEF89 /* InfoPlist.strings in Resources */,
				BA8BBD911944E74C000DEF89 /* Main.storyboard in Resources */,
			);
			runOnlyForDeploymentPostprocessing = 0;
		};
		BA8BBD991944E74C000DEF89 /* Resources */ = {
			isa = PBXResourcesBuildPhase;
			buildActionMask = 2147483647;
			files = (
				BA8BBDA71944E74C000DEF89 /* InfoPlist.strings in Resources */,
			);
			runOnlyForDeploymentPostprocessing = 0;
		};
/* End PBXResourcesBuildPhase section */

/* Begin PBXSourcesBuildPhase section */
		BA8BBD761944E74C000DEF89 /* Sources */ = {
			isa = PBXSourcesBuildPhase;
			buildActionMask = 2147483647;
			files = (
				BA8BBD8E1944E74C000DEF89 /* AttributorAppDelegate.m in Sources */,
				BA8BBD941944E74C000DEF89 /* AttributorViewController.m in Sources */,
				BA8BBD8A1944E74C000DEF89 /* main.m in Sources */,
				BAB17CF719476BCA00DBB9A5 /* TextStatsViewController.m in Sources */,
			);
			runOnlyForDeploymentPostprocessing = 0;
		};
		BA8BBD971944E74C000DEF89 /* Sources */ = {
			isa = PBXSourcesBuildPhase;
			buildActionMask = 2147483647;
			files = (
				BA8BBDA91944E74C000DEF89 /* AttributorTests.m in Sources */,
			);
			runOnlyForDeploymentPostprocessing = 0;
		};
/* End PBXSourcesBuildPhase section */

/* Begin PBXTargetDependency section */
		BA8BBDA11944E74C000DEF89 /* PBXTargetDependency */ = {
			isa = PBXTargetDependency;
			target = BA8BBD791944E74C000DEF89 /* Attributor */;
			targetProxy = BA8BBDA01944E74C000DEF89 /* PBXContainerItemProxy */;
		};
/* End PBXTargetDependency section */

/* Begin PBXVariantGroup section */
		BA8BBD861944E74C000DEF89 /* InfoPlist.strings */ = {
			isa = PBXVariantGroup;
			children = (
				BA8BBD871944E74C000DEF89 /* en */,
			);
			name = InfoPlist.strings;
			sourceTree = "<group>";
		};
		BA8BBD8F1944E74C000DEF89 /* Main.storyboard */ = {
			isa = PBXVariantGroup;
			children = (
				BA8BBD901944E74C000DEF89 /* Base */,
			);
			name = Main.storyboard;
			sourceTree = "<group>";
		};
		BA8BBDA51944E74C000DEF89 /* InfoPlist.strings */ = {
			isa = PBXVariantGroup;
			children = (
				BA8BBDA61944E74C000DEF89 /* en */,
			);
			name = InfoPlist.strings;
			sourceTree = "<group>";
		};
/* End PBXVariantGroup section */

/* Begin XCBuildConfiguration section */
		BA8BBDAA1944E74C000DEF89 /* Debug */ = {
			isa = XCBuildConfiguration;
			buildSettings = {
				ALWAYS_SEARCH_USER_PATHS = NO;
				CLANG_CXX_LANGUAGE_STANDARD = "gnu++0x";
				CLANG_CXX_LIBRARY = "libc++";
				CLANG_ENABLE_MODULES = YES;
				CLANG_ENABLE_OBJC_ARC = YES;
				CLANG_WARN_BOOL_CONVERSION = YES;
				CLANG_WARN_CONSTANT_CONVERSION = YES;
				CLANG_WARN_DIRECT_OBJC_ISA_USAGE = YES_ERROR;
				CLANG_WARN_EMPTY_BODY = YES;
				CLANG_WARN_ENUM_CONVERSION = YES;
				CLANG_WARN_INT_CONVERSION = YES;
				CLANG_WARN_OBJC_ROOT_CLASS = YES_ERROR;
				CLANG_WARN__DUPLICATE_METHOD_MATCH = YES;
				"CODE_SIGN_IDENTITY[sdk=iphoneos*]" = "iPhone Developer";
				COPY_PHASE_STRIP = NO;
				GCC_C_LANGUAGE_STANDARD = gnu99;
				GCC_DYNAMIC_NO_PIC = NO;
				GCC_OPTIMIZATION_LEVEL = 0;
				GCC_PREPROCESSOR_DEFINITIONS = (
					"DEBUG=1",
					"$(inherited)",
				);
				GCC_SYMBOLS_PRIVATE_EXTERN = NO;
				GCC_WARN_64_TO_32_BIT_CONVERSION = YES;
				GCC_WARN_ABOUT_RETURN_TYPE = YES_ERROR;
				GCC_WARN_UNDECLARED_SELECTOR = YES;
				GCC_WARN_UNINITIALIZED_AUTOS = YES_AGGRESSIVE;
				GCC_WARN_UNUSED_FUNCTION = YES;
				GCC_WARN_UNUSED_VARIABLE = YES;
				IPHONEOS_DEPLOYMENT_TARGET = 7.1;
				ONLY_ACTIVE_ARCH = YES;
				SDKROOT = iphoneos;
			};
			name = Debug;
		};
		BA8BBDAB1944E74C000DEF89 /* Release */ = {
			isa = XCBuildConfiguration;
			buildSettings = {
				ALWAYS_SEARCH_USER_PATHS = NO;
				CLANG_CXX_LANGUAGE_STANDARD = "gnu++0x";
				CLANG_CXX_LIBRARY = "libc++";
				CLANG_ENABLE_MODULES = YES;
				CLANG_ENABLE_OBJC_ARC = YES;
				CLANG_WARN_BOOL_CONVERSION = YES;
				CLANG_WARN_CONSTANT_CONVERSION = YES;
				CLANG_WARN_DIRECT_OBJC_ISA_USAGE = YES_ERROR;
				CLANG_WARN_EMPTY_BODY = YES;
				CLANG_WARN_ENUM_CONVERSION = YES;
				CLANG_WARN_INT_CONVERSION = YES;
				CLANG_WARN_OBJC_ROOT_CLASS = YES_ERROR;
				CLANG_WARN__DUPLICATE_METHOD_MATCH = YES;
				"CODE_SIGN_IDENTITY[sdk=iphoneos*]" = "iPhone Developer";
				COPY_PHASE_STRIP = YES;
				ENABLE_NS_ASSERTIONS = NO;
				GCC_C_LANGUAGE_STANDARD = gnu99;
				GCC_WARN_64_TO_32_BIT_CONVERSION = YES;
				GCC_WARN_ABOUT_RETURN_TYPE = YES_ERROR;
				GCC_WARN_UNDECLARED_SELECTOR = YES;
				GCC_WARN_UNINITIALIZED_AUTOS = YES_AGGRESSIVE;
				GCC_WARN_UNUSED_FUNCTION = YES;
				GCC_WARN_UNUSED_VARIABLE = YES;
				IPHONEOS_DEPLOYMENT_TARGET = 7.1;
				SDKROOT = iphoneos;
				VALIDATE_PRODUCT = YES;
			};
			name = Release;
		};
		BA8BBDAD1944E74C000DEF89 /* Debug */ = {
			isa = XCBuildConfiguration;
			buildSettings = {
				ASSETCATALOG_COMPILER_APPICON_NAME = AppIcon;
				ASSETCATALOG_COMPILER_LAUNCHIMAGE_NAME = LaunchImage;
				CODE_SIGN_IDENTITY = "";
				GCC_PRECOMPILE_PREFIX_HEADER = YES;
				GCC_PREFIX_HEADER = "Attributor/Attributor-Prefix.pch";
				INFOPLIST_FILE = "Attributor/Attributor-Info.plist";
				PRODUCT_NAME = "$(TARGET_NAME)";
				WRAPPER_EXTENSION = app;
			};
			name = Debug;
		};
		BA8BBDAE1944E74C000DEF89 /* Release */ = {
			isa = XCBuildConfiguration;
			buildSettings = {
				ASSETCATALOG_COMPILER_APPICON_NAME = AppIcon;
				ASSETCATALOG_COMPILER_LAUNCHIMAGE_NAME = LaunchImage;
				CODE_SIGN_IDENTITY = "";
				GCC_PRECOMPILE_PREFIX_HEADER = YES;
				GCC_PREFIX_HEADER = "Attributor/Attributor-Prefix.pch";
				INFOPLIST_FILE = "Attributor/Attributor-Info.plist";
				PRODUCT_NAME = "$(TARGET_NAME)";
				WRAPPER_EXTENSION = app;
			};
			name = Release;
		};
		BA8BBDB01944E74C000DEF89 /* Debug */ = {
			isa = XCBuildConfiguration;
			buildSettings = {
				BUNDLE_LOADER = "$(BUILT_PRODUCTS_DIR)/Attributor.app/Attributor";
				FRAMEWORK_SEARCH_PATHS = (
					"$(SDKROOT)/Developer/Library/Frameworks",
					"$(inherited)",
					"$(DEVELOPER_FRAMEWORKS_DIR)",
				);
				GCC_PRECOMPILE_PREFIX_HEADER = YES;
				GCC_PREFIX_HEADER = "Attributor/Attributor-Prefix.pch";
				GCC_PREPROCESSOR_DEFINITIONS = (
					"DEBUG=1",
					"$(inherited)",
				);
				INFOPLIST_FILE = "AttributorTests/AttributorTests-Info.plist";
				PRODUCT_NAME = "$(TARGET_NAME)";
				TEST_HOST = "$(BUNDLE_LOADER)";
				WRAPPER_EXTENSION = xctest;
			};
			name = Debug;
		};
		BA8BBDB11944E74C000DEF89 /* Release */ = {
			isa = XCBuildConfiguration;
			buildSettings = {
				BUNDLE_LOADER = "$(BUILT_PRODUCTS_DIR)/Attributor.app/Attributor";
				FRAMEWORK_SEARCH_PATHS = (
					"$(SDKROOT)/Developer/Library/Frameworks",
					"$(inherited)",
					"$(DEVELOPER_FRAMEWORKS_DIR)",
				);
				GCC_PRECOMPILE_PREFIX_HEADER = YES;
				GCC_PREFIX_HEADER = "Attributor/Attributor-Prefix.pch";
				INFOPLIST_FILE = "AttributorTests/AttributorTests-Info.plist";
				PRODUCT_NAME = "$(TARGET_NAME)";
				TEST_HOST = "$(BUNDLE_LOADER)";
				WRAPPER_EXTENSION = xctest;
			};
			name = Release;
		};
/* End XCBuildConfiguration section */

/* Begin XCConfigurationList section */
		BA8BBD751944E74C000DEF89 /* Build configuration list for PBXProject "Attributor" */ = {
			isa = XCConfigurationList;
			buildConfigurations = (
				BA8BBDAA1944E74C000DEF89 /* Debug */,
				BA8BBDAB1944E74C000DEF89 /* Release */,
			);
			defaultConfigurationIsVisible = 0;
			defaultConfigurationName = Release;
		};
		BA8BBDAC1944E74C000DEF89 /* Build configuration list for PBXNativeTarget "Attributor" */ = {
			isa = XCConfigurationList;
			buildConfigurations = (
				BA8BBDAD1944E74C000DEF89 /* Debug */,
				BA8BBDAE1944E74C000DEF89 /* Release */,
			);
			defaultConfigurationIsVisible = 0;
			defaultConfigurationName = Release;
		};
		BA8BBDAF1944E74C000DEF89 /* Build configuration list for PBXNativeTarget "AttributorTests" */ = {
			isa = XCConfigurationList;
			buildConfigurations = (
				BA8BBDB01944E74C000DEF89 /* Debug */,
				BA8BBDB11944E74C000DEF89 /* Release */,
			);
			defaultConfigurationIsVisible = 0;
			defaultConfigurationName = Release;
		};
/* End XCConfigurationList section */
	};
	rootObject = BA8BBD721944E74C000DEF89 /* Project object */;
}
